
Microsoft Visual Studio Solution File, Format Version 12.00
# Visual Studio Version 16
VisualStudioVersion = 25.0.1703.6
MinimumVisualStudioVersion = 10.0.40219.1
Project("{FAE04EC0-301F-11D3-BF4B-00C04F79EFBC}") = "08.Graduation", "08.Graduation\08.Graduation.csproj", "{0181720A-D8D1-4525-8822-EDB03605ACE9}"
EndProject
Global
	GlobalSection(SolutionConfigurationPlatforms) = preSolution
		Debug|Any CPU = Debug|Any CPU
		Release|Any CPU = Release|Any CPU
	EndGlobalSection
	GlobalSection(ProjectConfigurationPlatforms) = postSolution
		{0181720A-D8D1-4525-8822-EDB03605ACE9}.Debug|Any CPU.ActiveCfg = Debug|Any CPU
		{0181720A-D8D1-4525-8822-EDB03605ACE9}.Debug|Any CPU.Build.0 = Debug|Any CPU
		{0181720A-D8D1-4525-8822-EDB03605ACE9}.Release|Any CPU.ActiveCfg = Release|Any CPU
		{0181720A-D8D1-4525-8822-EDB03605ACE9}.Release|Any CPU.Build.0 = Release|Any CPU
	EndGlobalSection
	GlobalSection(SolutionProperties) = preSolution
		HideSolutionNode = FALSE
	EndGlobalSection
	GlobalSection(ExtensibilityGlobals) = postSolution
		SolutionGuid = {CEC93C07-7899-486D-8EC5-D203EA5E9C4E}
	EndGlobalSection
EndGlobal
